
Microsoft Visual Studio Solution File, Format Version 12.00
# Visual Studio 15
VisualStudioVersion = 15.0.26730.16
MinimumVisualStudioVersion = 10.0.40219.1
Project("{FAE04EC0-301F-11D3-BF4B-00C04F79EFBC}") = "Assignment 1.1", "Assignment 1.1\Assignment 1.1.csproj", "{7DAE4EB6-65C7-4D30-B41E-2A459359ED81}"
EndProject
Project("{FAE04EC0-301F-11D3-BF4B-00C04F79EFBC}") = "Assignment 1.2", "Assignment 1.2\Assignment 1.2.csproj", "{13105FC3-1D43-46DF-AE1B-EB49F479B2DD}"
EndProject
Global
	GlobalSection(SolutionConfigurationPlatforms) = preSolution
		Debug|Any CPU = Debug|Any CPU
		Release|Any CPU = Release|Any CPU
	EndGlobalSection
	GlobalSection(ProjectConfigurationPlatforms) = postSolution
		{7DAE4EB6-65C7-4D30-B41E-2A459359ED81}.Debug|Any CPU.ActiveCfg = Debug|Any CPU
		{7DAE4EB6-65C7-4D30-B41E-2A459359ED81}.Debug|Any CPU.Build.0 = Debug|Any CPU
		{7DAE4EB6-65C7-4D30-B41E-2A459359ED81}.Release|Any CPU.ActiveCfg = Release|Any CPU
		{7DAE4EB6-65C7-4D30-B41E-2A459359ED81}.Release|Any CPU.Build.0 = Release|Any CPU
		{13105FC3-1D43-46DF-AE1B-EB49F479B2DD}.Debug|Any CPU.ActiveCfg = Debug|Any CPU
		{13105FC3-1D43-46DF-AE1B-EB49F479B2DD}.Debug|Any CPU.Build.0 = Debug|Any CPU
		{13105FC3-1D43-46DF-AE1B-EB49F479B2DD}.Release|Any CPU.ActiveCfg = Release|Any CPU
		{13105FC3-1D43-46DF-AE1B-EB49F479B2DD}.Release|Any CPU.Build.0 = Release|Any CPU
	EndGlobalSection
	GlobalSection(SolutionProperties) = preSolution
		HideSolutionNode = FALSE
	EndGlobalSection
	GlobalSection(ExtensibilityGlobals) = postSolution
		SolutionGuid = {2AA308FA-2BA0-4AA1-9340-41BE6C6245E7}
	EndGlobalSection
EndGlobal
